
Microsoft Visual Studio Solution File, Format Version 12.00
# Visual Studio Version 16
VisualStudioVersion = 16.0.30011.22
MinimumVisualStudioVersion = 10.0.40219.1
Project("{FAE04EC0-301F-11D3-BF4B-00C04F79EFBC}") = "FishPlayer", "FishPlayer\FishPlayer.csproj", "{F946B24A-EECC-4D63-A22D-2BAB56BC72C1}"
EndProject
Global
	GlobalSection(SolutionConfigurationPlatforms) = preSolution
		Debug|Any CPU = Debug|Any CPU
		Release|Any CPU = Release|Any CPU
	EndGlobalSection
	GlobalSection(ProjectConfigurationPlatforms) = postSolution
		{F946B24A-EECC-4D63-A22D-2BAB56BC72C1}.Debug|Any CPU.ActiveCfg = Debug|Any CPU
		{F946B24A-EECC-4D63-A22D-2BAB56BC72C1}.Debug|Any CPU.Build.0 = Debug|Any CPU
		{F946B24A-EECC-4D63-A22D-2BAB56BC72C1}.Release|Any CPU.ActiveCfg = Release|Any CPU
		{F946B24A-EECC-4D63-A22D-2BAB56BC72C1}.Release|Any CPU.Build.0 = Release|Any CPU
	EndGlobalSection
	GlobalSection(SolutionProperties) = preSolution
		HideSolutionNode = FALSE
	EndGlobalSection
	GlobalSection(ExtensibilityGlobals) = postSolution
		SolutionGuid = {6B3C25F4-AB85-47AA-B0A3-9CB71681D5C3}
	EndGlobalSection
EndGlobal
